# This file is automatically @generated by Cargo.
# It is not intended for manual editing.
version = 4

[[package]]
name = "elysia-boot-protocol"
version = "0.1.0"

[[package]]
name = "elysia-bootloader"
version = "0.1.0"
dependencies = [
 "elysia-boot-protocol",
 "r-efi",
]

[[package]]
name = "elysia-kernel"
version = "0.1.0"
dependencies = [
 "elysia-boot-protocol",
 "elysia-memory",
]

[[package]]
name = "elysia-memory"
version = "0.1.0"

[[package]]
name = "r-efi"
version = "6.0.0"
source = "registry+https://github.com/rust-lang/crates.io-index"
checksum = "f8dcc9c7d52a811697d2151c701e0d08956f92b0e24136cf4cf27b57a6a0d9bf"
